// !$*UTF8*$!
{
	archiveVersion = 1;
	classes = {
	};
	objectVersion = 77;
	objects = {

/* Begin PBXBuildFile section */
		70E89F732DFE8EEB00657FFA /* Persistence.swift in Sources */ = {isa = PBXBuildFile; fileRef = 70E89F722DFE8EEB00657FFA /* Persistence.swift */; };
		70E89F822DFE91E700657FFA /* CookTracker.xcdatamodeld in Sources */ = {isa = PBXBuildFile; fileRef = 70E89F802DFE91E700657FFA /* CookTracker.xcdatamodeld */; };
/* End PBXBuildFile section */

/* Begin PBXContainerItemProxy section */
		708ABB8E2E068955006EE486 /* PBXContainerItemProxy */ = {
			isa = PBXContainerItemProxy;
			containerPortal = 70E89F332DFE8C5500657FFA /* Project object */;
			proxyType = 1;
			remoteGlobalIDString = 70E89F3A2DFE8C5500657FFA;
			remoteInfo = CookTracker;
		};
		708ABB9B2E068989006EE486 /* PBXContainerItemProxy */ = {
			isa = PBXContainerItemProxy;
			containerPortal = 70E89F332DFE8C5500657FFA /* Project object */;
			proxyType = 1;
			remoteGlobalIDString = 70E89F3A2DFE8C5500657FFA;
			remoteInfo = CookTracker;
		};
/* End PBXContainerItemProxy section */

/* Begin PBXFileReference section */
		708ABB882E068955006EE486 /* CookTrackerUITests.xctest */ = {isa = PBXFileReference; explicitFileType = wrapper.cfbundle; includeInIndex = 0; path = CookTrackerUITests.xctest; sourceTree = BUILT_PRODUCTS_DIR; };
		708ABB972E068989006EE486 /* CookTrackerUNITTests.xctest */ = {isa = PBXFileReference; explicitFileType = wrapper.cfbundle; includeInIndex = 0; path = CookTrackerUNITTests.xctest; sourceTree = BUILT_PRODUCTS_DIR; };
		70E89F3B2DFE8C5500657FFA /* CookTracker.app */ = {isa = PBXFileReference; explicitFileType = wrapper.application; includeInIndex = 0; path = CookTracker.app; sourceTree = BUILT_PRODUCTS_DIR; };
		70E89F722DFE8EEB00657FFA /* Persistence.swift */ = {isa = PBXFileReference; lastKnownFileType = sourcecode.swift; path = Persistence.swift; sourceTree = "<group>"; };
		70E89F812DFE91E700657FFA /* CookTracker.xcdatamodel */ = {isa = PBXFileReference; lastKnownFileType = wrapper.xcdatamodel; path = CookTracker.xcdatamodel; sourceTree = "<group>"; };
		70E89F932DFEA16E00657FFA /* CookTracker 2.xcdatamodel */ = {isa = PBXFileReference; lastKnownFileType = wrapper.xcdatamodel; path = "CookTracker 2.xcdatamodel"; sourceTree = "<group>"; };
/* End PBXFileReference section */

/* Begin PBXFileSystemSynchronizedRootGroup section */
		708ABB892E068955006EE486 /* CookTrackerUITests */ = {
			isa = PBXFileSystemSynchronizedRootGroup;
			path = CookTrackerUITests;
			sourceTree = "<group>";
		};
		708ABB982E068989006EE486 /* CookTrackerUNITTests */ = {
			isa = PBXFileSystemSynchronizedRootGroup;
			path = CookTrackerUNITTests;
			sourceTree = "<group>";
		};
		70E89F3D2DFE8C5500657FFA /* CookTracker */ = {
			isa = PBXFileSystemSynchronizedRootGroup;
			path = CookTracker;
			sourceTree = "<group>";
		};
/* End PBXFileSystemSynchronizedRootGroup section */

/* Begin PBXFrameworksBuildPhase section */
		708ABB852E068955006EE486 /* Frameworks */ = {
			isa = PBXFrameworksBuildPhase;
			buildActionMask = 2147483647;
			files = (
			);
			runOnlyForDeploymentPostprocessing = 0;
		};
		708ABB942E068989006EE486 /* Frameworks */ = {
			isa = PBXFrameworksBuildPhase;
			buildActionMask = 2147483647;
			files = (
			);
			runOnlyForDeploymentPostprocessing = 0;
		};
		70E89F382DFE8C5500657FFA /* Frameworks */ = {
			isa = PBXFrameworksBuildPhase;
			buildActionMask = 2147483647;
			files = (
			);
			runOnlyForDeploymentPostprocessing = 0;
		};
/* End PBXFrameworksBuildPhase section */

/* Begin PBXGroup section */
		70E89F322DFE8C5500657FFA = {
			isa = PBXGroup;
			children = (
				70E89F802DFE91E700657FFA /* CookTracker.xcdatamodeld */,
				70E89F3D2DFE8C5500657FFA /* CookTracker */,
				708ABB892E068955006EE486 /* CookTrackerUITests */,
				708ABB982E068989006EE486 /* CookTrackerUNITTests */,
				70E89F3C2DFE8C5500657FFA /* Products */,
				70E89F722DFE8EEB00657FFA /* Persistence.swift */,
			);
			sourceTree = "<group>";
		};
		70E89F3C2DFE8C5500657FFA /* Products */ = {
			isa = PBXGroup;
			children = (
				70E89F3B2DFE8C5500657FFA /* CookTracker.app */,
				708ABB882E068955006EE486 /* CookTrackerUITests.xctest */,
				708ABB972E068989006EE486 /* CookTrackerUNITTests.xctest */,
			);
			name = Products;
			sourceTree = "<group>";
		};
/* End PBXGroup section */

/* Begin PBXNativeTarget section */
		708ABB872E068955006EE486 /* CookTrackerUITests */ = {
			isa = PBXNativeTarget;
			buildConfigurationList = 708ABB902E068955006EE486 /* Build configuration list for PBXNativeTarget "CookTrackerUITests" */;
			buildPhases = (
				708ABB842E068955006EE486 /* Sources */,
				708ABB852E068955006EE486 /* Frameworks */,
				708ABB862E068955006EE486 /* Resources */,
			);
			buildRules = (
			);
			dependencies = (
				708ABB8F2E068955006EE486 /* PBXTargetDependency */,
			);
			fileSystemSynchronizedGroups = (
				708ABB892E068955006EE486 /* CookTrackerUITests */,
			);
			name = CookTrackerUITests;
			packageProductDependencies = (
			);
			productName = CookTrackerUITests;
			productReference = 708ABB882E068955006EE486 /* CookTrackerUITests.xctest */;
			productType = "com.apple.product-type.bundle.ui-testing";
		};
		708ABB962E068989006EE486 /* CookTrackerUNITTests */ = {
			isa = PBXNativeTarget;
			buildConfigurationList = 708ABB9D2E068989006EE486 /* Build configuration list for PBXNativeTarget "CookTrackerUNITTests" */;
			buildPhases = (
				708ABB932E068989006EE486 /* Sources */,
				708ABB942E068989006EE486 /* Frameworks */,
				708ABB952E068989006EE486 /* Resources */,
			);
			buildRules = (
			);
			dependencies = (
				708ABB9C2E068989006EE486 /* PBXTargetDependency */,
			);
			fileSystemSynchronizedGroups = (
				708ABB982E068989006EE486 /* CookTrackerUNITTests */,
			);
			name = CookTrackerUNITTests;
			packageProductDependencies = (
			);
			productName = CookTrackerUNITTests;
			productReference = 708ABB972E068989006EE486 /* CookTrackerUNITTests.xctest */;
			productType = "com.apple.product-type.bundle.unit-test";
		};
		70E89F3A2DFE8C5500657FFA /* CookTracker */ = {
			isa = PBXNativeTarget;
			buildConfigurationList = 70E89F4B2DFE8C5600657FFA /* Build configuration list for PBXNativeTarget "CookTracker" */;
			buildPhases = (
				70E89F372DFE8C5500657FFA /* Sources */,
				70E89F382DFE8C5500657FFA /* Frameworks */,
				70E89F392DFE8C5500657FFA /* Resources */,
			);
			buildRules = (
			);
			dependencies = (
			);
			fileSystemSynchronizedGroups = (
				70E89F3D2DFE8C5500657FFA /* CookTracker */,
			);
			name = CookTracker;
			packageProductDependencies = (
			);
			productName = CookTracker;
			productReference = 70E89F3B2DFE8C5500657FFA /* CookTracker.app */;
			productType = "com.apple.product-type.application";
		};
/* End PBXNativeTarget section */

/* Begin PBXProject section */
		70E89F332DFE8C5500657FFA /* Project object */ = {
			isa = PBXProject;
			attributes = {
				BuildIndependentTargetsInParallel = 1;
				LastSwiftUpdateCheck = 1640;
				LastUpgradeCheck = 1640;
				TargetAttributes = {
					708ABB872E068955006EE486 = {
						CreatedOnToolsVersion = 16.4;
						TestTargetID = 70E89F3A2DFE8C5500657FFA;
					};
					708ABB962E068989006EE486 = {
						CreatedOnToolsVersion = 16.4;
						TestTargetID = 70E89F3A2DFE8C5500657FFA;
					};
					70E89F3A2DFE8C5500657FFA = {
						CreatedOnToolsVersion = 16.4;
					};
				};
			};
			buildConfigurationList = 70E89F362DFE8C5500657FFA /* Build configuration list for PBXProject "CookTracker" */;
			developmentRegion = en;
			hasScannedForEncodings = 0;
			knownRegions = (
				en,
				Base,
			);
			mainGroup = 70E89F322DFE8C5500657FFA;
			minimizedProjectReferenceProxies = 1;
			preferredProjectObjectVersion = 77;
			productRefGroup = 70E89F3C2DFE8C5500657FFA /* Products */;
			projectDirPath = "";
			projectRoot = "";
			targets = (
				70E89F3A2DFE8C5500657FFA /* CookTracker */,
				708ABB872E068955006EE486 /* CookTrackerUITests */,
				708ABB962E068989006EE486 /* CookTrackerUNITTests */,
			);
		};
/* End PBXProject section */

/* Begin PBXResourcesBuildPhase section */
		708ABB862E068955006EE486 /* Resources */ = {
			isa = PBXResourcesBuildPhase;
			buildActionMask = 2147483647;
			files = (
			);
			runOnlyForDeploymentPostprocessing = 0;
		};
		708ABB952E068989006EE486 /* Resources */ = {
			isa = PBXResourcesBuildPhase;
			buildActionMask = 2147483647;
			files = (
			);
			runOnlyForDeploymentPostprocessing = 0;
		};
		70E89F392DFE8C5500657FFA /* Resources */ = {
			isa = PBXResourcesBuildPhase;
			buildActionMask = 2147483647;
			files = (
			);
			runOnlyForDeploymentPostprocessing = 0;
		};
/* End PBXResourcesBuildPhase section */

/* Begin PBXSourcesBuildPhase section */
		708ABB842E068955006EE486 /* Sources */ = {
			isa = PBXSourcesBuildPhase;
			buildActionMask = 2147483647;
			files = (
			);
			runOnlyForDeploymentPostprocessing = 0;
		};
		708ABB932E068989006EE486 /* Sources */ = {
			isa = PBXSourcesBuildPhase;
			buildActionMask = 2147483647;
			files = (
			);
			runOnlyForDeploymentPostprocessing = 0;
		};
		70E89F372DFE8C5500657FFA /* Sources */ = {
			isa = PBXSourcesBuildPhase;
			buildActionMask = 2147483647;
			files = (
				70E89F822DFE91E700657FFA /* CookTracker.xcdatamodeld in Sources */,
				70E89F732DFE8EEB00657FFA /* Persistence.swift in Sources */,
			);
			runOnlyForDeploymentPostprocessing = 0;
		};
/* End PBXSourcesBuildPhase section */

/* Begin PBXTargetDependency section */
		708ABB8F2E068955006EE486 /* PBXTargetDependency */ = {
			isa = PBXTargetDependency;
			target = 70E89F3A2DFE8C5500657FFA /* CookTracker */;
			targetProxy = 708ABB8E2E068955006EE486 /* PBXContainerItemProxy */;
		};
		708ABB9C2E068989006EE486 /* PBXTargetDependency */ = {
			isa = PBXTargetDependency;
			target = 70E89F3A2DFE8C5500657FFA /* CookTracker */;
			targetProxy = 708ABB9B2E068989006EE486 /* PBXContainerItemProxy */;
		};
/* End PBXTargetDependency section */

/* Begin XCBuildConfiguration section */
		708ABB912E068955006EE486 /* Debug */ = {
			isa = XCBuildConfiguration;
			buildSettings = {
				CODE_SIGN_STYLE = Automatic;
				CURRENT_PROJECT_VERSION = 1;
				GENERATE_INFOPLIST_FILE = YES;
				MARKETING_VERSION = 1.0;
				PRODUCT_BUNDLE_IDENTIFIER = bas.CookTrackerUITests;
				PRODUCT_NAME = "$(TARGET_NAME)";
				SUPPORTED_PLATFORMS = "iphoneos iphonesimulator";
				SUPPORTS_MACCATALYST = NO;
				SUPPORTS_MAC_DESIGNED_FOR_IPHONE_IPAD = NO;
				SUPPORTS_XR_DESIGNED_FOR_IPHONE_IPAD = NO;
				SWIFT_EMIT_LOC_STRINGS = NO;
				SWIFT_VERSION = 5.0;
				TARGETED_DEVICE_FAMILY = 1;
				TEST_TARGET_NAME = CookTracker;
			};
			name = Debug;
		};
		708ABB922E068955006EE486 /* Release */ = {
			isa = XCBuildConfiguration;
			buildSettings = {
				CODE_SIGN_STYLE = Automatic;
				CURRENT_PROJECT_VERSION = 1;
				GENERATE_INFOPLIST_FILE = YES;
				MARKETING_VERSION = 1.0;
				PRODUCT_BUNDLE_IDENTIFIER = bas.CookTrackerUITests;
				PRODUCT_NAME = "$(TARGET_NAME)";
				SUPPORTED_PLATFORMS = "iphoneos iphonesimulator";
				SUPPORTS_MACCATALYST = NO;
				SUPPORTS_MAC_DESIGNED_FOR_IPHONE_IPAD = NO;
				SUPPORTS_XR_DESIGNED_FOR_IPHONE_IPAD = NO;
				SWIFT_EMIT_LOC_STRINGS = NO;
				SWIFT_VERSION = 5.0;
				TARGETED_DEVICE_FAMILY = 1;
				TEST_TARGET_NAME = CookTracker;
			};
			name = Release;
		};
		708ABB9E2E068989006EE486 /* Debug */ = {
			isa = XCBuildConfiguration;
			buildSettings = {
				BUNDLE_LOADER = "$(TEST_HOST)";
				CODE_SIGN_STYLE = Automatic;
				CURRENT_PROJECT_VERSION = 1;
				GENERATE_INFOPLIST_FILE = YES;
				MARKETING_VERSION = 1.0;
				PRODUCT_BUNDLE_IDENTIFIER = bas.CookTrackerUNITTests;
				PRODUCT_NAME = "$(TARGET_NAME)";
				SUPPORTED_PLATFORMS = "iphoneos iphonesimulator";
				SUPPORTS_MACCATALYST = NO;
				SUPPORTS_MAC_DESIGNED_FOR_IPHONE_IPAD = NO;
				SUPPORTS_XR_DESIGNED_FOR_IPHONE_IPAD = NO;
				SWIFT_EMIT_LOC_STRINGS = NO;
				SWIFT_VERSION = 5.0;
				TARGETED_DEVICE_FAMILY = 1;
				TEST_HOST = "$(BUILT_PRODUCTS_DIR)/CookTracker.app/$(BUNDLE_EXECUTABLE_FOLDER_PATH)/CookTracker";
			};
			name = Debug;
		};
		708ABB9F2E068989006EE486 /* Release */ = {
			isa = XCBuildConfiguration;
			buildSettings = {
				BUNDLE_LOADER = "$(TEST_HOST)";
				CODE_SIGN_STYLE = Automatic;
				CURRENT_PROJECT_VERSION = 1;
				GENERATE_INFOPLIST_FILE = YES;
				MARKETING_VERSION = 1.0;
				PRODUCT_BUNDLE_IDENTIFIER = bas.CookTrackerUNITTests;
				PRODUCT_NAME = "$(TARGET_NAME)";
				SUPPORTED_PLATFORMS = "iphoneos iphonesimulator";
				SUPPORTS_MACCATALYST = NO;
				SUPPORTS_MAC_DESIGNED_FOR_IPHONE_IPAD = NO;
				SUPPORTS_XR_DESIGNED_FOR_IPHONE_IPAD = NO;
				SWIFT_EMIT_LOC_STRINGS = NO;
				SWIFT_VERSION = 5.0;
				TARGETED_DEVICE_FAMILY = 1;
				TEST_HOST = "$(BUILT_PRODUCTS_DIR)/CookTracker.app/$(BUNDLE_EXECUTABLE_FOLDER_PATH)/CookTracker";
			};
			name = Release;
		};
		70E89F492DFE8C5600657FFA /* Debug */ = {
			isa = XCBuildConfiguration;
			buildSettings = {
				ALWAYS_SEARCH_USER_PATHS = NO;
				ASSETCATALOG_COMPILER_GENERATE_SWIFT_ASSET_SYMBOL_EXTENSIONS = YES;
				CLANG_ANALYZER_NONNULL = YES;
				CLANG_ANALYZER_NUMBER_OBJECT_CONVERSION = YES_AGGRESSIVE;
				CLANG_CXX_LANGUAGE_STANDARD = "gnu++20";
				CLANG_ENABLE_MODULES = YES;
				CLANG_ENABLE_OBJC_ARC = YES;
				CLANG_ENABLE_OBJC_WEAK = YES;
				CLANG_WARN_BLOCK_CAPTURE_AUTORELEASING = YES;
				CLANG_WARN_BOOL_CONVERSION = YES;
				CLANG_WARN_COMMA = YES;
				CLANG_WARN_CONSTANT_CONVERSION = YES;
				CLANG_WARN_DEPRECATED_OBJC_IMPLEMENTATIONS = YES;
				CLANG_WARN_DIRECT_OBJC_ISA_USAGE = YES_ERROR;
				CLANG_WARN_DOCUMENTATION_COMMENTS = YES;
				CLANG_WARN_EMPTY_BODY = YES;
				CLANG_WARN_ENUM_CONVERSION = YES;
				CLANG_WARN_INFINITE_RECURSION = YES;
				CLANG_WARN_INT_CONVERSION = YES;
				CLANG_WARN_NON_LITERAL_NULL_CONVERSION = YES;
				CLANG_WARN_OBJC_IMPLICIT_RETAIN_SELF = YES;
				CLANG_WARN_OBJC_LITERAL_CONVERSION = YES;
				CLANG_WARN_OBJC_ROOT_CLASS = YES_ERROR;
				CLANG_WARN_QUOTED_INCLUDE_IN_FRAMEWORK_HEADER = YES;
				CLANG_WARN_RANGE_LOOP_ANALYSIS = YES;
				CLANG_WARN_STRICT_PROTOTYPES = YES;
				CLANG_WARN_SUSPICIOUS_MOVE = YES;
				CLANG_WARN_UNGUARDED_AVAILABILITY = YES_AGGRESSIVE;
				CLANG_WARN_UNREACHABLE_CODE = YES;
				CLANG_WARN__DUPLICATE_METHOD_MATCH = YES;
				COPY_PHASE_STRIP = NO;
				DEBUG_INFORMATION_FORMAT = dwarf;
				ENABLE_STRICT_OBJC_MSGSEND = YES;
				ENABLE_TESTABILITY = YES;
				ENABLE_USER_SCRIPT_SANDBOXING = YES;
				GCC_C_LANGUAGE_STANDARD = gnu17;
				GCC_DYNAMIC_NO_PIC = NO;
				GCC_NO_COMMON_BLOCKS = YES;
				GCC_OPTIMIZATION_LEVEL = 0;
				GCC_PREPROCESSOR_DEFINITIONS = (
					"DEBUG=1",
					"$(inherited)",
				);
				GCC_WARN_64_TO_32_BIT_CONVERSION = YES;
				GCC_WARN_ABOUT_RETURN_TYPE = YES_ERROR;
				GCC_WARN_UNDECLARED_SELECTOR = YES;
				GCC_WARN_UNINITIALIZED_AUTOS = YES_AGGRESSIVE;
				GCC_WARN_UNUSED_FUNCTION = YES;
				GCC_WARN_UNUSED_VARIABLE = YES;
				IPHONEOS_DEPLOYMENT_TARGET = 18.5;
				LOCALIZATION_PREFERS_STRING_CATALOGS = YES;
				MTL_ENABLE_DEBUG_INFO = INCLUDE_SOURCE;
				MTL_FAST_MATH = YES;
				ONLY_ACTIVE_ARCH = YES;
				SDKROOT = iphoneos;
				SWIFT_ACTIVE_COMPILATION_CONDITIONS = "DEBUG $(inherited)";
				SWIFT_OPTIMIZATION_LEVEL = "-Onone";
			};
			name = Debug;
		};
		70E89F4A2DFE8C5600657FFA /* Release */ = {
			isa = XCBuildConfiguration;
			buildSettings = {
				ALWAYS_SEARCH_USER_PATHS = NO;
				ASSETCATALOG_COMPILER_GENERATE_SWIFT_ASSET_SYMBOL_EXTENSIONS = YES;
				CLANG_ANALYZER_NONNULL = YES;
				CLANG_ANALYZER_NUMBER_OBJECT_CONVERSION = YES_AGGRESSIVE;
				CLANG_CXX_LANGUAGE_STANDARD = "gnu++20";
				CLANG_ENABLE_MODULES = YES;
				CLANG_ENABLE_OBJC_ARC = YES;
				CLANG_ENABLE_OBJC_WEAK = YES;
				CLANG_WARN_BLOCK_CAPTURE_AUTORELEASING = YES;
				CLANG_WARN_BOOL_CONVERSION = YES;
				CLANG_WARN_COMMA = YES;
				CLANG_WARN_CONSTANT_CONVERSION = YES;
				CLANG_WARN_DEPRECATED_OBJC_IMPLEMENTATIONS = YES;
				CLANG_WARN_DIRECT_OBJC_ISA_USAGE = YES_ERROR;
				CLANG_WARN_DOCUMENTATION_COMMENTS = YES;
				CLANG_WARN_EMPTY_BODY = YES;
				CLANG_WARN_ENUM_CONVERSION = YES;
				CLANG_WARN_INFINITE_RECURSION = YES;
				CLANG_WARN_INT_CONVERSION = YES;
				CLANG_WARN_NON_LITERAL_NULL_CONVERSION = YES;
				CLANG_WARN_OBJC_IMPLICIT_RETAIN_SELF = YES;
				CLANG_WARN_OBJC_LITERAL_CONVERSION = YES;
				CLANG_WARN_OBJC_ROOT_CLASS = YES_ERROR;
				CLANG_WARN_QUOTED_INCLUDE_IN_FRAMEWORK_HEADER = YES;
				CLANG_WARN_RANGE_LOOP_ANALYSIS = YES;
				CLANG_WARN_STRICT_PROTOTYPES = YES;
				CLANG_WARN_SUSPICIOUS_MOVE = YES;
				CLANG_WARN_UNGUARDED_AVAILABILITY = YES_AGGRESSIVE;
				CLANG_WARN_UNREACHABLE_CODE = YES;
				CLANG_WARN__DUPLICATE_METHOD_MATCH = YES;
				COPY_PHASE_STRIP = NO;
				DEBUG_INFORMATION_FORMAT = "dwarf-with-dsym";
				ENABLE_NS_ASSERTIONS = NO;
				ENABLE_STRICT_OBJC_MSGSEND = YES;
				ENABLE_USER_SCRIPT_SANDBOXING = YES;
				GCC_C_LANGUAGE_STANDARD = gnu17;
				GCC_NO_COMMON_BLOCKS = YES;
				GCC_WARN_64_TO_32_BIT_CONVERSION = YES;
				GCC_WARN_ABOUT_RETURN_TYPE = YES_ERROR;
				GCC_WARN_UNDECLARED_SELECTOR = YES;
				GCC_WARN_UNINITIALIZED_AUTOS = YES_AGGRESSIVE;
				GCC_WARN_UNUSED_FUNCTION = YES;
				GCC_WARN_UNUSED_VARIABLE = YES;
				IPHONEOS_DEPLOYMENT_TARGET = 18.5;
				LOCALIZATION_PREFERS_STRING_CATALOGS = YES;
				MTL_ENABLE_DEBUG_INFO = NO;
				MTL_FAST_MATH = YES;
				SDKROOT = iphoneos;
				SWIFT_COMPILATION_MODE = wholemodule;
				VALIDATE_PRODUCT = YES;
			};
			name = Release;
		};
		70E89F4C2DFE8C5600657FFA /* Debug */ = {
			isa = XCBuildConfiguration;
			buildSettings = {
				ASSETCATALOG_COMPILER_APPICON_NAME = AppIcon;
				ASSETCATALOG_COMPILER_GLOBAL_ACCENT_COLOR_NAME = AccentColor;
				CODE_SIGN_STYLE = Automatic;
				CURRENT_PROJECT_VERSION = 1;
				ENABLE_PREVIEWS = YES;
				GENERATE_INFOPLIST_FILE = YES;
				INFOPLIST_KEY_LSApplicationCategoryType = "public.app-category.food-and-drink";
				INFOPLIST_KEY_UIApplicationSceneManifest_Generation = YES;
				INFOPLIST_KEY_UIApplicationSupportsIndirectInputEvents = YES;
				INFOPLIST_KEY_UILaunchScreen_Generation = YES;
				INFOPLIST_KEY_UISupportedInterfaceOrientations_iPad = "UIInterfaceOrientationPortrait UIInterfaceOrientationPortraitUpsideDown";
				INFOPLIST_KEY_UISupportedInterfaceOrientations_iPhone = "UIInterfaceOrientationPortrait UIInterfaceOrientationLandscapeLeft UIInterfaceOrientationLandscapeRight";
				LD_RUNPATH_SEARCH_PATHS = (
					"$(inherited)",
					"@executable_path/Frameworks",
				);
				MARKETING_VERSION = 1.0;
				PRODUCT_BUNDLE_IDENTIFIER = bas.CookTracker;
				PRODUCT_NAME = "$(TARGET_NAME)";
				SUPPORTED_PLATFORMS = "iphoneos iphonesimulator";
				SUPPORTS_MACCATALYST = NO;
				SUPPORTS_MAC_DESIGNED_FOR_IPHONE_IPAD = NO;
				SUPPORTS_XR_DESIGNED_FOR_IPHONE_IPAD = NO;
				SWIFT_EMIT_LOC_STRINGS = YES;
				SWIFT_VERSION = 5.0;
				TARGETED_DEVICE_FAMILY = 1;
			};
			name = Debug;
		};
		70E89F4D2DFE8C5600657FFA /* Release */ = {
			isa = XCBuildConfiguration;
			buildSettings = {
				ASSETCATALOG_COMPILER_APPICON_NAME = AppIcon;
				ASSETCATALOG_COMPILER_GLOBAL_ACCENT_COLOR_NAME = AccentColor;
				CODE_SIGN_STYLE = Automatic;
				CURRENT_PROJECT_VERSION = 1;
				ENABLE_PREVIEWS = YES;
				GENERATE_INFOPLIST_FILE = YES;
				INFOPLIST_KEY_LSApplicationCategoryType = "public.app-category.food-and-drink";
				INFOPLIST_KEY_UIApplicationSceneManifest_Generation = YES;
				INFOPLIST_KEY_UIApplicationSupportsIndirectInputEvents = YES;
				INFOPLIST_KEY_UILaunchScreen_Generation = YES;
				INFOPLIST_KEY_UISupportedInterfaceOrientations_iPad = "UIInterfaceOrientationPortrait UIInterfaceOrientationPortraitUpsideDown";
				INFOPLIST_KEY_UISupportedInterfaceOrientations_iPhone = "UIInterfaceOrientationPortrait UIInterfaceOrientationLandscapeLeft UIInterfaceOrientationLandscapeRight";
				LD_RUNPATH_SEARCH_PATHS = (
					"$(inherited)",
					"@executable_path/Frameworks",
				);
				MARKETING_VERSION = 1.0;
				PRODUCT_BUNDLE_IDENTIFIER = bas.CookTracker;
				PRODUCT_NAME = "$(TARGET_NAME)";
				SUPPORTED_PLATFORMS = "iphoneos iphonesimulator";
				SUPPORTS_MACCATALYST = NO;
				SUPPORTS_MAC_DESIGNED_FOR_IPHONE_IPAD = NO;
				SUPPORTS_XR_DESIGNED_FOR_IPHONE_IPAD = NO;
				SWIFT_EMIT_LOC_STRINGS = YES;
				SWIFT_VERSION = 5.0;
				TARGETED_DEVICE_FAMILY = 1;
			};
			name = Release;
		};
/* End XCBuildConfiguration section */

/* Begin XCConfigurationList section */
		708ABB902E068955006EE486 /* Build configuration list for PBXNativeTarget "CookTrackerUITests" */ = {
			isa = XCConfigurationList;
			buildConfigurations = (
				708ABB912E068955006EE486 /* Debug */,
				708ABB922E068955006EE486 /* Release */,
			);
			defaultConfigurationIsVisible = 0;
			defaultConfigurationName = Release;
		};
		708ABB9D2E068989006EE486 /* Build configuration list for PBXNativeTarget "CookTrackerUNITTests" */ = {
			isa = XCConfigurationList;
			buildConfigurations = (
				708ABB9E2E068989006EE486 /* Debug */,
				708ABB9F2E068989006EE486 /* Release */,
			);
			defaultConfigurationIsVisible = 0;
			defaultConfigurationName = Release;
		};
		70E89F362DFE8C5500657FFA /* Build configuration list for PBXProject "CookTracker" */ = {
			isa = XCConfigurationList;
			buildConfigurations = (
				70E89F492DFE8C5600657FFA /* Debug */,
				70E89F4A2DFE8C5600657FFA /* Release */,
			);
			defaultConfigurationIsVisible = 0;
			defaultConfigurationName = Release;
		};
		70E89F4B2DFE8C5600657FFA /* Build configuration list for PBXNativeTarget "CookTracker" */ = {
			isa = XCConfigurationList;
			buildConfigurations = (
				70E89F4C2DFE8C5600657FFA /* Debug */,
				70E89F4D2DFE8C5600657FFA /* Release */,
			);
			defaultConfigurationIsVisible = 0;
			defaultConfigurationName = Release;
		};
/* End XCConfigurationList section */

/* Begin XCVersionGroup section */
		70E89F802DFE91E700657FFA /* CookTracker.xcdatamodeld */ = {
			isa = XCVersionGroup;
			children = (
				70E89F932DFEA16E00657FFA /* CookTracker 2.xcdatamodel */,
				70E89F812DFE91E700657FFA /* CookTracker.xcdatamodel */,
			);
			currentVersion = 70E89F812DFE91E700657FFA /* CookTracker.xcdatamodel */;
			path = CookTracker.xcdatamodeld;
			sourceTree = "<group>";
			versionGroupType = wrapper.xcdatamodel;
		};
/* End XCVersionGroup section */
	};
	rootObject = 70E89F332DFE8C5500657FFA /* Project object */;
}
